
Microsoft Visual Studio Solution File, Format Version 12.00
# Visual Studio Version 17
VisualStudioVersion = 17.5.002.0
MinimumVisualStudioVersion = 10.0.40219.1
Project("{2150E333-8FDC-42A3-9474-1A3956D46DE8}") = "sandbox", "sandbox", "{5A536872-3D68-4E9C-B2A1-B49010D59180}"
EndProject
Project("{9A19103F-16F7-4668-BE54-9A1E7A4F7556}") = "sandbox_project", "sandbox\sandbox_project\sandbox_project.csproj", "{4A3E20F5-FCF3-46F9-B1BA-CFC5FBC23D00}"
EndProject
Project("{2150E333-8FDC-42A3-9474-1A3956D46DE8}") = "week01", "week01", "{263A8E19-A55D-48A6-9F31-384D7698B41D}"
EndProject
Project("{9A19103F-16F7-4668-BE54-9A1E7A4F7556}") = "analyze", "week01\analyze\analyze.csproj", "{A12939CC-6B49-402E-B0E1-02D7A93888E4}"
EndProject
Project("{9A19103F-16F7-4668-BE54-9A1E7A4F7556}") = "code", "week01\code\code.csproj", "{955C246E-0902-478F-8A7A-CBFE2F967ADB}"
EndProject
Project("{9A19103F-16F7-4668-BE54-9A1E7A4F7556}") = "teach", "week01\teach\teach.csproj", "{5BB75E63-6134-44EC-9F15-53810A09285F}"
EndProject
Project("{2150E333-8FDC-42A3-9474-1A3956D46DE8}") = "week02", "week02", "{61EC0F30-82D8-4A49-B68D-00C51E8D996D}"
EndProject
Project("{9A19103F-16F7-4668-BE54-9A1E7A4F7556}") = "analyze", "week02\analyze\analyze.csproj", "{D1BE6CA6-26F5-42A5-BEFA-40EE2DEFAC6C}"
EndProject
Project("{9A19103F-16F7-4668-BE54-9A1E7A4F7556}") = "code", "week02\code\code.csproj", "{66DDDFFE-511B-4329-8191-FB910E37B251}"
EndProject
Project("{9A19103F-16F7-4668-BE54-9A1E7A4F7556}") = "learn", "week02\learn\learn.csproj", "{A12C3DB0-9713-496D-8EBB-F3BB9068C93D}"
EndProject
Project("{9A19103F-16F7-4668-BE54-9A1E7A4F7556}") = "teach", "week02\teach\teach.csproj", "{1774BF68-DE91-4530-9CBC-9AB40E49A0F7}"
EndProject
Project("{2150E333-8FDC-42A3-9474-1A3956D46DE8}") = "week03", "week03", "{08C778B8-0FAE-4888-8994-65EA7DF83875}"
EndProject
Project("{9A19103F-16F7-4668-BE54-9A1E7A4F7556}") = "code", "week03\code\code.csproj", "{84787649-09B2-4CDD-81A1-9382FF28D0AF}"
EndProject
Project("{9A19103F-16F7-4668-BE54-9A1E7A4F7556}") = "learn", "week03\learn\learn.csproj", "{9E8D07DE-1A3B-4A51-8C4A-92C313E0CED7}"
EndProject
Project("{9A19103F-16F7-4668-BE54-9A1E7A4F7556}") = "teach", "week03\teach\teach.csproj", "{B5D7A0D3-C3BC-4879-B748-B99B90405AF8}"
EndProject
Project("{2150E333-8FDC-42A3-9474-1A3956D46DE8}") = "week04", "week04", "{F5E77604-EF75-4536-8E6D-19B4878231AF}"
EndProject
Project("{9A19103F-16F7-4668-BE54-9A1E7A4F7556}") = "code", "week04\code\code.csproj", "{6419B736-A35F-4870-A180-67846A2E6092}"
EndProject
Project("{2150E333-8FDC-42A3-9474-1A3956D46DE8}") = "week05", "week05", "{41841442-9118-464F-89B9-5E5F5EDADDA7}"
EndProject
Project("{9A19103F-16F7-4668-BE54-9A1E7A4F7556}") = "code", "week05\code\code.csproj", "{60B128C0-312A-403D-9F4C-4D0E1121E5D1}"
EndProject
Project("{2150E333-8FDC-42A3-9474-1A3956D46DE8}") = "week06", "week06", "{A55F9D96-3622-4E90-9D6B-B713BF0B61AC}"
EndProject
Project("{9A19103F-16F7-4668-BE54-9A1E7A4F7556}") = "code", "week06\code\code.csproj", "{BBD1EC77-C13E-4098-A635-B35B983B8ECA}"
EndProject
Global
	GlobalSection(SolutionConfigurationPlatforms) = preSolution
		Debug|Any CPU = Debug|Any CPU
		Release|Any CPU = Release|Any CPU
	EndGlobalSection
	GlobalSection(ProjectConfigurationPlatforms) = postSolution
		{4A3E20F5-FCF3-46F9-B1BA-CFC5FBC23D00}.Debug|Any CPU.ActiveCfg = Debug|Any CPU
		{4A3E20F5-FCF3-46F9-B1BA-CFC5FBC23D00}.Debug|Any CPU.Build.0 = Debug|Any CPU
		{4A3E20F5-FCF3-46F9-B1BA-CFC5FBC23D00}.Release|Any CPU.ActiveCfg = Release|Any CPU
		{4A3E20F5-FCF3-46F9-B1BA-CFC5FBC23D00}.Release|Any CPU.Build.0 = Release|Any CPU
		{A12939CC-6B49-402E-B0E1-02D7A93888E4}.Debug|Any CPU.ActiveCfg = Debug|Any CPU
		{A12939CC-6B49-402E-B0E1-02D7A93888E4}.Debug|Any CPU.Build.0 = Debug|Any CPU
		{A12939CC-6B49-402E-B0E1-02D7A93888E4}.Release|Any CPU.ActiveCfg = Release|Any CPU
		{A12939CC-6B49-402E-B0E1-02D7A93888E4}.Release|Any CPU.Build.0 = Release|Any CPU
		{955C246E-0902-478F-8A7A-CBFE2F967ADB}.Debug|Any CPU.ActiveCfg = Debug|Any CPU
		{955C246E-0902-478F-8A7A-CBFE2F967ADB}.Debug|Any CPU.Build.0 = Debug|Any CPU
		{955C246E-0902-478F-8A7A-CBFE2F967ADB}.Release|Any CPU.ActiveCfg = Release|Any CPU
		{955C246E-0902-478F-8A7A-CBFE2F967ADB}.Release|Any CPU.Build.0 = Release|Any CPU
		{5BB75E63-6134-44EC-9F15-53810A09285F}.Debug|Any CPU.ActiveCfg = Debug|Any CPU
		{5BB75E63-6134-44EC-9F15-53810A09285F}.Debug|Any CPU.Build.0 = Debug|Any CPU
		{5BB75E63-6134-44EC-9F15-53810A09285F}.Release|Any CPU.ActiveCfg = Release|Any CPU
		{5BB75E63-6134-44EC-9F15-53810A09285F}.Release|Any CPU.Build.0 = Release|Any CPU
		{D1BE6CA6-26F5-42A5-BEFA-40EE2DEFAC6C}.Debug|Any CPU.ActiveCfg = Debug|Any CPU
		{D1BE6CA6-26F5-42A5-BEFA-40EE2DEFAC6C}.Debug|Any CPU.Build.0 = Debug|Any CPU
		{D1BE6CA6-26F5-42A5-BEFA-40EE2DEFAC6C}.Release|Any CPU.ActiveCfg = Release|Any CPU
		{D1BE6CA6-26F5-42A5-BEFA-40EE2DEFAC6C}.Release|Any CPU.Build.0 = Release|Any CPU
		{66DDDFFE-511B-4329-8191-FB910E37B251}.Debug|Any CPU.ActiveCfg = Debug|Any CPU
		{66DDDFFE-511B-4329-8191-FB910E37B251}.Debug|Any CPU.Build.0 = Debug|Any CPU
		{66DDDFFE-511B-4329-8191-FB910E37B251}.Release|Any CPU.ActiveCfg = Release|Any CPU
		{66DDDFFE-511B-4329-8191-FB910E37B251}.Release|Any CPU.Build.0 = Release|Any CPU
		{A12C3DB0-9713-496D-8EBB-F3BB9068C93D}.Debug|Any CPU.ActiveCfg = Debug|Any CPU
		{A12C3DB0-9713-496D-8EBB-F3BB9068C93D}.Debug|Any CPU.Build.0 = Debug|Any CPU
		{A12C3DB0-9713-496D-8EBB-F3BB9068C93D}.Release|Any CPU.ActiveCfg = Release|Any CPU
		{A12C3DB0-9713-496D-8EBB-F3BB9068C93D}.Release|Any CPU.Build.0 = Release|Any CPU
		{1774BF68-DE91-4530-9CBC-9AB40E49A0F7}.Debug|Any CPU.ActiveCfg = Debug|Any CPU
		{1774BF68-DE91-4530-9CBC-9AB40E49A0F7}.Debug|Any CPU.Build.0 = Debug|Any CPU
		{1774BF68-DE91-4530-9CBC-9AB40E49A0F7}.Release|Any CPU.ActiveCfg = Release|Any CPU
		{1774BF68-DE91-4530-9CBC-9AB40E49A0F7}.Release|Any CPU.Build.0 = Release|Any CPU
		{84787649-09B2-4CDD-81A1-9382FF28D0AF}.Debug|Any CPU.ActiveCfg = Debug|Any CPU
		{84787649-09B2-4CDD-81A1-9382FF28D0AF}.Debug|Any CPU.Build.0 = Debug|Any CPU
		{84787649-09B2-4CDD-81A1-9382FF28D0AF}.Release|Any CPU.ActiveCfg = Release|Any CPU
		{84787649-09B2-4CDD-81A1-9382FF28D0AF}.Release|Any CPU.Build.0 = Release|Any CPU
		{9E8D07DE-1A3B-4A51-8C4A-92C313E0CED7}.Debug|Any CPU.ActiveCfg = Debug|Any CPU
		{9E8D07DE-1A3B-4A51-8C4A-92C313E0CED7}.Debug|Any CPU.Build.0 = Debug|Any CPU
		{9E8D07DE-1A3B-4A51-8C4A-92C313E0CED7}.Release|Any CPU.ActiveCfg = Release|Any CPU
		{9E8D07DE-1A3B-4A51-8C4A-92C313E0CED7}.Release|Any CPU.Build.0 = Release|Any CPU
		{B5D7A0D3-C3BC-4879-B748-B99B90405AF8}.Debug|Any CPU.ActiveCfg = Debug|Any CPU
		{B5D7A0D3-C3BC-4879-B748-B99B90405AF8}.Debug|Any CPU.Build.0 = Debug|Any CPU
		{B5D7A0D3-C3BC-4879-B748-B99B90405AF8}.Release|Any CPU.ActiveCfg = Release|Any CPU
		{B5D7A0D3-C3BC-4879-B748-B99B90405AF8}.Release|Any CPU.Build.0 = Release|Any CPU
		{6419B736-A35F-4870-A180-67846A2E6092}.Debug|Any CPU.ActiveCfg = Debug|Any CPU
		{6419B736-A35F-4870-A180-67846A2E6092}.Debug|Any CPU.Build.0 = Debug|Any CPU
		{6419B736-A35F-4870-A180-67846A2E6092}.Release|Any CPU.ActiveCfg = Release|Any CPU
		{6419B736-A35F-4870-A180-67846A2E6092}.Release|Any CPU.Build.0 = Release|Any CPU
		{60B128C0-312A-403D-9F4C-4D0E1121E5D1}.Debug|Any CPU.ActiveCfg = Debug|Any CPU
		{60B128C0-312A-403D-9F4C-4D0E1121E5D1}.Debug|Any CPU.Build.0 = Debug|Any CPU
		{60B128C0-312A-403D-9F4C-4D0E1121E5D1}.Release|Any CPU.ActiveCfg = Release|Any CPU
		{60B128C0-312A-403D-9F4C-4D0E1121E5D1}.Release|Any CPU.Build.0 = Release|Any CPU
		{BBD1EC77-C13E-4098-A635-B35B983B8ECA}.Debug|Any CPU.ActiveCfg = Debug|Any CPU
		{BBD1EC77-C13E-4098-A635-B35B983B8ECA}.Debug|Any CPU.Build.0 = Debug|Any CPU
		{BBD1EC77-C13E-4098-A635-B35B983B8ECA}.Release|Any CPU.ActiveCfg = Release|Any CPU
		{BBD1EC77-C13E-4098-A635-B35B983B8ECA}.Release|Any CPU.Build.0 = Release|Any CPU
	EndGlobalSection
	GlobalSection(SolutionProperties) = preSolution
		HideSolutionNode = FALSE
	EndGlobalSection
	GlobalSection(NestedProjects) = preSolution
		{4A3E20F5-FCF3-46F9-B1BA-CFC5FBC23D00} = {5A536872-3D68-4E9C-B2A1-B49010D59180}
		{A12939CC-6B49-402E-B0E1-02D7A93888E4} = {263A8E19-A55D-48A6-9F31-384D7698B41D}
		{955C246E-0902-478F-8A7A-CBFE2F967ADB} = {263A8E19-A55D-48A6-9F31-384D7698B41D}
		{5BB75E63-6134-44EC-9F15-53810A09285F} = {263A8E19-A55D-48A6-9F31-384D7698B41D}
		{D1BE6CA6-26F5-42A5-BEFA-40EE2DEFAC6C} = {61EC0F30-82D8-4A49-B68D-00C51E8D996D}
		{66DDDFFE-511B-4329-8191-FB910E37B251} = {61EC0F30-82D8-4A49-B68D-00C51E8D996D}
		{A12C3DB0-9713-496D-8EBB-F3BB9068C93D} = {61EC0F30-82D8-4A49-B68D-00C51E8D996D}
		{1774BF68-DE91-4530-9CBC-9AB40E49A0F7} = {61EC0F30-82D8-4A49-B68D-00C51E8D996D}
		{84787649-09B2-4CDD-81A1-9382FF28D0AF} = {08C778B8-0FAE-4888-8994-65EA7DF83875}
		{9E8D07DE-1A3B-4A51-8C4A-92C313E0CED7} = {08C778B8-0FAE-4888-8994-65EA7DF83875}
		{B5D7A0D3-C3BC-4879-B748-B99B90405AF8} = {08C778B8-0FAE-4888-8994-65EA7DF83875}
		{6419B736-A35F-4870-A180-67846A2E6092} = {F5E77604-EF75-4536-8E6D-19B4878231AF}
		{60B128C0-312A-403D-9F4C-4D0E1121E5D1} = {41841442-9118-464F-89B9-5E5F5EDADDA7}
		{BBD1EC77-C13E-4098-A635-B35B983B8ECA} = {A55F9D96-3622-4E90-9D6B-B713BF0B61AC}
	EndGlobalSection
	GlobalSection(ExtensibilityGlobals) = postSolution
		SolutionGuid = {FFB12430-6A69-41E9-8B7A-E04D7657395B}
	EndGlobalSection
EndGlobal
